{
  "name": "hx-painter",
  "version": "1.0.0",
  "lockfileVersion": 2,
  "requires": true,
  "packages": {
    "": {
      "name": "hx-painter",
      "version": "1.0.0",
      "license": "ISC",
      "devDependencies": {
        "@harxer/painter-lib": "file:../lib"
      }
    },
    "../lib": {
      "version": "0.0.1",
      "dev": true,
      "license": "ISC"
    },
    "node_modules/@harxer/painter-lib": {
      "resolved": "../lib",
      "link": true
    }
  },
  "dependencies": {
    "@harxer/painter-lib": {
      "version": "file:../lib"
    }
  }
}
