{
  "name": "hx-painter",
  "version": "1.0.0",
  "lockfileVersion": 2,
  "requires": true,
  "packages": {
    "": {
      "name": "hx-painter",
      "version": "1.0.0",
      "license": "ISC",
      "devDependencies": {
        "@harrisonbalogh/painter-lib": "^0.0.3"
      }
    },
    "../lib": {
      "name": "@harrisonbalogh/painter-lib",
      "version": "0.0.1",
      "extraneous": true,
      "license": "ISC"
    },
    "node_modules/@harrisonbalogh/painter-lib": {
      "version": "0.0.3",
      "resolved": "https://npm.pkg.github.com/download/@harrisonbalogh/painter-lib/0.0.3/4a7c1c5e6220afabed9603d5756b03c514419e23",
      "integrity": "sha512-Uej6B+54RBZeoVnQwZWESpdhP8plyjXWPJ7H2+3i/JdpSIGysGBKkZg9h5VKCPAunTZ/iLYiWl6jnH/aO1dwlQ==",
      "dev": true,
      "license": "ISC"
    }
  },
  "dependencies": {
    "@harrisonbalogh/painter-lib": {
      "version": "0.0.3",
      "resolved": "https://npm.pkg.github.com/download/@harrisonbalogh/painter-lib/0.0.3/4a7c1c5e6220afabed9603d5756b03c514419e23",
      "integrity": "sha512-Uej6B+54RBZeoVnQwZWESpdhP8plyjXWPJ7H2+3i/JdpSIGysGBKkZg9h5VKCPAunTZ/iLYiWl6jnH/aO1dwlQ==",
      "dev": true
    }
  }
}
