{
  "name": "painter-service",
  "version": "1.0.0",
  "lockfileVersion": 2,
  "requires": true,
  "packages": {
    "": {
      "name": "painter-service",
      "version": "1.0.0",
      "license": "ISC",
      "dependencies": {
        "ws": "^6.2.2"
      },
      "devDependencies": {
        "@harrisonbalogh/painter-lib": "^0.0.4"
      }
    },
    "../lib": {
      "name": "@harxer/painter-lib",
      "version": "0.0.1",
      "extraneous": true,
      "license": "ISC"
    },
    "node_modules/@harrisonbalogh/painter-lib": {
      "version": "0.0.4",
      "resolved": "https://npm.pkg.github.com/download/@harrisonbalogh/painter-lib/0.0.4/064add5fe0f904bf2842f68680abf00800946c22",
      "integrity": "sha512-nTtdrsXnGSNfdX+M505q0tz/26hKDmJEduLwJFTA/zQGVIMrMwMrf+hmTNc9k2EtAexhKOHkfLfqq8zdAj3IiA==",
      "dev": true,
      "license": "ISC"
    },
    "node_modules/async-limiter": {
      "version": "1.0.1",
      "resolved": "https://registry.npmjs.org/async-limiter/-/async-limiter-1.0.1.tgz",
      "integrity": "sha512-csOlWGAcRFJaI6m+F2WKdnMKr4HhdhFVBk0H/QbJFMCr+uO2kwohwXQPxw/9OCxp05r5ghVBFSyioixx3gfkNQ=="
    },
    "node_modules/ws": {
      "version": "6.2.3",
      "resolved": "https://registry.npmjs.org/ws/-/ws-6.2.3.tgz",
      "integrity": "sha512-jmTjYU0j60B+vHey6TfR3Z7RD61z/hmxBS3VMSGIrroOWXQEneK1zNuotOUrGyBHQj0yrpsLHPWtigEFd13ndA==",
      "dependencies": {
        "async-limiter": "~1.0.0"
      }
    }
  },
  "dependencies": {
    "@harrisonbalogh/painter-lib": {
      "version": "0.0.4",
      "resolved": "https://npm.pkg.github.com/download/@harrisonbalogh/painter-lib/0.0.4/064add5fe0f904bf2842f68680abf00800946c22",
      "integrity": "sha512-nTtdrsXnGSNfdX+M505q0tz/26hKDmJEduLwJFTA/zQGVIMrMwMrf+hmTNc9k2EtAexhKOHkfLfqq8zdAj3IiA==",
      "dev": true
    },
    "async-limiter": {
      "version": "1.0.1",
      "resolved": "https://registry.npmjs.org/async-limiter/-/async-limiter-1.0.1.tgz",
      "integrity": "sha512-csOlWGAcRFJaI6m+F2WKdnMKr4HhdhFVBk0H/QbJFMCr+uO2kwohwXQPxw/9OCxp05r5ghVBFSyioixx3gfkNQ=="
    },
    "ws": {
      "version": "6.2.3",
      "resolved": "https://registry.npmjs.org/ws/-/ws-6.2.3.tgz",
      "integrity": "sha512-jmTjYU0j60B+vHey6TfR3Z7RD61z/hmxBS3VMSGIrroOWXQEneK1zNuotOUrGyBHQj0yrpsLHPWtigEFd13ndA==",
      "requires": {
        "async-limiter": "~1.0.0"
      }
    }
  }
}
